// !$*UTF8*$!
{
	archiveVersion = 1;
	classes = {
	};
	objectVersion = 46;
	objects = {

/* Begin PBXBuildFile section */
		7264A5511C3B711700DC577B /* AppDelegate.swift in Sources */ = {isa = PBXBuildFile; fileRef = 7264A5501C3B711700DC577B /* AppDelegate.swift */; };
		7264A5531C3B711700DC577B /* EntryTableViewController.swift in Sources */ = {isa = PBXBuildFile; fileRef = 7264A5521C3B711700DC577B /* EntryTableViewController.swift */; };
		7264A5561C3B711700DC577B /* Main.storyboard in Resources */ = {isa = PBXBuildFile; fileRef = 7264A5541C3B711700DC577B /* Main.storyboard */; };
		7264A5581C3B711700DC577B /* Assets.xcassets in Resources */ = {isa = PBXBuildFile; fileRef = 7264A5571C3B711700DC577B /* Assets.xcassets */; };
		7264A55B1C3B711700DC577B /* LaunchScreen.storyboard in Resources */ = {isa = PBXBuildFile; fileRef = 7264A5591C3B711700DC577B /* LaunchScreen.storyboard */; };
		72B79FFE1C3BB61300723465 /* EntryDataSource.swift in Sources */ = {isa = PBXBuildFile; fileRef = 72B79FFD1C3BB61300723465 /* EntryDataSource.swift */; };
		72B7A0001C3BBE5500723465 /* SpringyCollectionVeiwDataSource.swift in Sources */ = {isa = PBXBuildFile; fileRef = 72B79FFF1C3BBE5500723465 /* SpringyCollectionVeiwDataSource.swift */; };
		72B7A0021C3BBF8200723465 /* BasicCell.swift in Sources */ = {isa = PBXBuildFile; fileRef = 72B7A0011C3BBF8200723465 /* BasicCell.swift */; };
		72B7A0041C3BC22600723465 /* SpringyCollectionViewController.swift in Sources */ = {isa = PBXBuildFile; fileRef = 72B7A0031C3BC22600723465 /* SpringyCollectionViewController.swift */; };
		72B7A0061C3BC6D700723465 /* SpringyCollectionViewLayout.swift in Sources */ = {isa = PBXBuildFile; fileRef = 72B7A0051C3BC6D700723465 /* SpringyCollectionViewLayout.swift */; };
		72B7A0261C3CEE5D00723465 /* SimpleDynamicViewController.swift in Sources */ = {isa = PBXBuildFile; fileRef = 72B7A0251C3CEE5D00723465 /* SimpleDynamicViewController.swift */; };
		72B7A0281C3D270400723465 /* NewtownianCollectionViewLayout.swift in Sources */ = {isa = PBXBuildFile; fileRef = 72B7A0271C3D270400723465 /* NewtownianCollectionViewLayout.swift */; };
		72B7A02A1C3D35B500723465 /* NewtownianCollectionViewController.swift in Sources */ = {isa = PBXBuildFile; fileRef = 72B7A0291C3D35B500723465 /* NewtownianCollectionViewController.swift */; };
		72B7A02C1C3D363800723465 /* NewtownianCollectionViewDataSource.swift in Sources */ = {isa = PBXBuildFile; fileRef = 72B7A02B1C3D363800723465 /* NewtownianCollectionViewDataSource.swift */; };
		72B7A02E1C3D36FA00723465 /* NewtownianCell.swift in Sources */ = {isa = PBXBuildFile; fileRef = 72B7A02D1C3D36FA00723465 /* NewtownianCell.swift */; };
		72E2D6931C438F36001D4F26 /* CalendarViewController.swift in Sources */ = {isa = PBXBuildFile; fileRef = 72E2D6921C438F36001D4F26 /* CalendarViewController.swift */; };
		72E2D6951C438F90001D4F26 /* CalendarDataSource.swift in Sources */ = {isa = PBXBuildFile; fileRef = 72E2D6941C438F90001D4F26 /* CalendarDataSource.swift */; };
		72E2D6971C4390F5001D4F26 /* CalendarEventCell.swift in Sources */ = {isa = PBXBuildFile; fileRef = 72E2D6961C4390F5001D4F26 /* CalendarEventCell.swift */; };
		72E2D6991C439145001D4F26 /* CalendarEvent.swift in Sources */ = {isa = PBXBuildFile; fileRef = 72E2D6981C439145001D4F26 /* CalendarEvent.swift */; };
		72E2D69B1C439299001D4F26 /* CalendarHeaderView.swift in Sources */ = {isa = PBXBuildFile; fileRef = 72E2D69A1C439299001D4F26 /* CalendarHeaderView.swift */; };
		72E2D69D1C43952D001D4F26 /* SampleCalendarEvent.swift in Sources */ = {isa = PBXBuildFile; fileRef = 72E2D69C1C43952D001D4F26 /* SampleCalendarEvent.swift */; };
		72E2D6A11C43A019001D4F26 /* CalendarHeaderView.xib in Resources */ = {isa = PBXBuildFile; fileRef = 72E2D6A01C43A019001D4F26 /* CalendarHeaderView.xib */; };
		72E2D6A31C43A83E001D4F26 /* WeekCalendarLayout.swift in Sources */ = {isa = PBXBuildFile; fileRef = 72E2D6A21C43A83E001D4F26 /* WeekCalendarLayout.swift */; };
/* End PBXBuildFile section */

/* Begin PBXFileReference section */
		7264A54D1C3B711700DC577B /* DemoDynamicCollectionView.app */ = {isa = PBXFileReference; explicitFileType = wrapper.application; includeInIndex = 0; path = DemoDynamicCollectionView.app; sourceTree = BUILT_PRODUCTS_DIR; };
		7264A5501C3B711700DC577B /* AppDelegate.swift */ = {isa = PBXFileReference; lastKnownFileType = sourcecode.swift; path = AppDelegate.swift; sourceTree = "<group>"; };
		7264A5521C3B711700DC577B /* EntryTableViewController.swift */ = {isa = PBXFileReference; lastKnownFileType = sourcecode.swift; path = EntryTableViewController.swift; sourceTree = "<group>"; };
		7264A5551C3B711700DC577B /* Base */ = {isa = PBXFileReference; lastKnownFileType = file.storyboard; name = Base; path = Base.lproj/Main.storyboard; sourceTree = "<group>"; };
		7264A5571C3B711700DC577B /* Assets.xcassets */ = {isa = PBXFileReference; lastKnownFileType = folder.assetcatalog; path = Assets.xcassets; sourceTree = "<group>"; };
		7264A55A1C3B711700DC577B /* Base */ = {isa = PBXFileReference; lastKnownFileType = file.storyboard; name = Base; path = Base.lproj/LaunchScreen.storyboard; sourceTree = "<group>"; };
		7264A55C1C3B711700DC577B /* Info.plist */ = {isa = PBXFileReference; lastKnownFileType = text.plist.xml; path = Info.plist; sourceTree = "<group>"; };
		72B79FFD1C3BB61300723465 /* EntryDataSource.swift */ = {isa = PBXFileReference; fileEncoding = 4; lastKnownFileType = sourcecode.swift; path = EntryDataSource.swift; sourceTree = "<group>"; };
		72B79FFF1C3BBE5500723465 /* SpringyCollectionVeiwDataSource.swift */ = {isa = PBXFileReference; fileEncoding = 4; lastKnownFileType = sourcecode.swift; path = SpringyCollectionVeiwDataSource.swift; sourceTree = "<group>"; };
		72B7A0011C3BBF8200723465 /* BasicCell.swift */ = {isa = PBXFileReference; fileEncoding = 4; lastKnownFileType = sourcecode.swift; path = BasicCell.swift; sourceTree = "<group>"; };
		72B7A0031C3BC22600723465 /* SpringyCollectionViewController.swift */ = {isa = PBXFileReference; fileEncoding = 4; lastKnownFileType = sourcecode.swift; path = SpringyCollectionViewController.swift; sourceTree = "<group>"; };
		72B7A0051C3BC6D700723465 /* SpringyCollectionViewLayout.swift */ = {isa = PBXFileReference; fileEncoding = 4; lastKnownFileType = sourcecode.swift; path = SpringyCollectionViewLayout.swift; sourceTree = "<group>"; };
		72B7A0251C3CEE5D00723465 /* SimpleDynamicViewController.swift */ = {isa = PBXFileReference; fileEncoding = 4; lastKnownFileType = sourcecode.swift; path = SimpleDynamicViewController.swift; sourceTree = "<group>"; };
		72B7A0271C3D270400723465 /* NewtownianCollectionViewLayout.swift */ = {isa = PBXFileReference; fileEncoding = 4; lastKnownFileType = sourcecode.swift; path = NewtownianCollectionViewLayout.swift; sourceTree = "<group>"; };
		72B7A0291C3D35B500723465 /* NewtownianCollectionViewController.swift */ = {isa = PBXFileReference; fileEncoding = 4; lastKnownFileType = sourcecode.swift; path = NewtownianCollectionViewController.swift; sourceTree = "<group>"; };
		72B7A02B1C3D363800723465 /* NewtownianCollectionViewDataSource.swift */ = {isa = PBXFileReference; fileEncoding = 4; lastKnownFileType = sourcecode.swift; path = NewtownianCollectionViewDataSource.swift; sourceTree = "<group>"; };
		72B7A02D1C3D36FA00723465 /* NewtownianCell.swift */ = {isa = PBXFileReference; fileEncoding = 4; lastKnownFileType = sourcecode.swift; path = NewtownianCell.swift; sourceTree = "<group>"; };
		72E2D6921C438F36001D4F26 /* CalendarViewController.swift */ = {isa = PBXFileReference; fileEncoding = 4; lastKnownFileType = sourcecode.swift; path = CalendarViewController.swift; sourceTree = "<group>"; };
		72E2D6941C438F90001D4F26 /* CalendarDataSource.swift */ = {isa = PBXFileReference; fileEncoding = 4; lastKnownFileType = sourcecode.swift; path = CalendarDataSource.swift; sourceTree = "<group>"; };
		72E2D6961C4390F5001D4F26 /* CalendarEventCell.swift */ = {isa = PBXFileReference; fileEncoding = 4; lastKnownFileType = sourcecode.swift; path = CalendarEventCell.swift; sourceTree = "<group>"; };
		72E2D6981C439145001D4F26 /* CalendarEvent.swift */ = {isa = PBXFileReference; fileEncoding = 4; lastKnownFileType = sourcecode.swift; path = CalendarEvent.swift; sourceTree = "<group>"; };
		72E2D69A1C439299001D4F26 /* CalendarHeaderView.swift */ = {isa = PBXFileReference; fileEncoding = 4; lastKnownFileType = sourcecode.swift; path = CalendarHeaderView.swift; sourceTree = "<group>"; };
		72E2D69C1C43952D001D4F26 /* SampleCalendarEvent.swift */ = {isa = PBXFileReference; fileEncoding = 4; lastKnownFileType = sourcecode.swift; path = SampleCalendarEvent.swift; sourceTree = "<group>"; };
		72E2D6A01C43A019001D4F26 /* CalendarHeaderView.xib */ = {isa = PBXFileReference; fileEncoding = 4; lastKnownFileType = file.xib; path = CalendarHeaderView.xib; sourceTree = "<group>"; };
		72E2D6A21C43A83E001D4F26 /* WeekCalendarLayout.swift */ = {isa = PBXFileReference; fileEncoding = 4; lastKnownFileType = sourcecode.swift; path = WeekCalendarLayout.swift; sourceTree = "<group>"; };
/* End PBXFileReference section */

/* Begin PBXFrameworksBuildPhase section */
		7264A54A1C3B711700DC577B /* Frameworks */ = {
			isa = PBXFrameworksBuildPhase;
			buildActionMask = 2147483647;
			files = (
			);
			runOnlyForDeploymentPostprocessing = 0;
		};
/* End PBXFrameworksBuildPhase section */

/* Begin PBXGroup section */
		7264A5441C3B711700DC577B = {
			isa = PBXGroup;
			children = (
				7264A54F1C3B711700DC577B /* DemoDynamicCollectionView */,
				7264A54E1C3B711700DC577B /* Products */,
			);
			sourceTree = "<group>";
		};
		7264A54E1C3B711700DC577B /* Products */ = {
			isa = PBXGroup;
			children = (
				7264A54D1C3B711700DC577B /* DemoDynamicCollectionView.app */,
			);
			name = Products;
			sourceTree = "<group>";
		};
		7264A54F1C3B711700DC577B /* DemoDynamicCollectionView */ = {
			isa = PBXGroup;
			children = (
				72B7A0251C3CEE5D00723465 /* SimpleDynamicViewController.swift */,
				7264A5501C3B711700DC577B /* AppDelegate.swift */,
				7264A5521C3B711700DC577B /* EntryTableViewController.swift */,
				72B79FFD1C3BB61300723465 /* EntryDataSource.swift */,
				72B7A0011C3BBF8200723465 /* BasicCell.swift */,
				72B79FFF1C3BBE5500723465 /* SpringyCollectionVeiwDataSource.swift */,
				72B7A0031C3BC22600723465 /* SpringyCollectionViewController.swift */,
				72B7A0051C3BC6D700723465 /* SpringyCollectionViewLayout.swift */,
				72B7A0271C3D270400723465 /* NewtownianCollectionViewLayout.swift */,
				72B7A0291C3D35B500723465 /* NewtownianCollectionViewController.swift */,
				72B7A02D1C3D36FA00723465 /* NewtownianCell.swift */,
				72B7A02B1C3D363800723465 /* NewtownianCollectionViewDataSource.swift */,
				72E2D6921C438F36001D4F26 /* CalendarViewController.swift */,
				72E2D6941C438F90001D4F26 /* CalendarDataSource.swift */,
				72E2D6A21C43A83E001D4F26 /* WeekCalendarLayout.swift */,
				72E2D69C1C43952D001D4F26 /* SampleCalendarEvent.swift */,
				72E2D69A1C439299001D4F26 /* CalendarHeaderView.swift */,
				72E2D6961C4390F5001D4F26 /* CalendarEventCell.swift */,
				72E2D6981C439145001D4F26 /* CalendarEvent.swift */,
				7264A5541C3B711700DC577B /* Main.storyboard */,
				72E2D6A01C43A019001D4F26 /* CalendarHeaderView.xib */,
				7264A5571C3B711700DC577B /* Assets.xcassets */,
				7264A5591C3B711700DC577B /* LaunchScreen.storyboard */,
				7264A55C1C3B711700DC577B /* Info.plist */,
			);
			path = DemoDynamicCollectionView;
			sourceTree = "<group>";
		};
/* End PBXGroup section */

/* Begin PBXNativeTarget section */
		7264A54C1C3B711700DC577B /* DemoDynamicCollectionView */ = {
			isa = PBXNativeTarget;
			buildConfigurationList = 7264A55F1C3B711700DC577B /* Build configuration list for PBXNativeTarget "DemoDynamicCollectionView" */;
			buildPhases = (
				7264A5491C3B711700DC577B /* Sources */,
				7264A54A1C3B711700DC577B /* Frameworks */,
				7264A54B1C3B711700DC577B /* Resources */,
			);
			buildRules = (
			);
			dependencies = (
			);
			name = DemoDynamicCollectionView;
			productName = DemoDynamicCollectionView;
			productReference = 7264A54D1C3B711700DC577B /* DemoDynamicCollectionView.app */;
			productType = "com.apple.product-type.application";
		};
/* End PBXNativeTarget section */

/* Begin PBXProject section */
		7264A5451C3B711700DC577B /* Project object */ = {
			isa = PBXProject;
			attributes = {
				LastSwiftUpdateCheck = 0720;
				LastUpgradeCheck = 0720;
				ORGANIZATIONNAME = morgenworks;
				TargetAttributes = {
					7264A54C1C3B711700DC577B = {
						CreatedOnToolsVersion = 7.2;
					};
				};
			};
			buildConfigurationList = 7264A5481C3B711700DC577B /* Build configuration list for PBXProject "DemoDynamicCollectionView" */;
			compatibilityVersion = "Xcode 3.2";
			developmentRegion = English;
			hasScannedForEncodings = 0;
			knownRegions = (
				en,
				Base,
			);
			mainGroup = 7264A5441C3B711700DC577B;
			productRefGroup = 7264A54E1C3B711700DC577B /* Products */;
			projectDirPath = "";
			projectRoot = "";
			targets = (
				7264A54C1C3B711700DC577B /* DemoDynamicCollectionView */,
			);
		};
/* End PBXProject section */

/* Begin PBXResourcesBuildPhase section */
		7264A54B1C3B711700DC577B /* Resources */ = {
			isa = PBXResourcesBuildPhase;
			buildActionMask = 2147483647;
			files = (
				7264A55B1C3B711700DC577B /* LaunchScreen.storyboard in Resources */,
				72E2D6A11C43A019001D4F26 /* CalendarHeaderView.xib in Resources */,
				7264A5581C3B711700DC577B /* Assets.xcassets in Resources */,
				7264A5561C3B711700DC577B /* Main.storyboard in Resources */,
			);
			runOnlyForDeploymentPostprocessing = 0;
		};
/* End PBXResourcesBuildPhase section */

/* Begin PBXSourcesBuildPhase section */
		7264A5491C3B711700DC577B /* Sources */ = {
			isa = PBXSourcesBuildPhase;
			buildActionMask = 2147483647;
			files = (
				72B7A0021C3BBF8200723465 /* BasicCell.swift in Sources */,
				72B7A02E1C3D36FA00723465 /* NewtownianCell.swift in Sources */,
				7264A5531C3B711700DC577B /* EntryTableViewController.swift in Sources */,
				72B79FFE1C3BB61300723465 /* EntryDataSource.swift in Sources */,
				72E2D69D1C43952D001D4F26 /* SampleCalendarEvent.swift in Sources */,
				72B7A02C1C3D363800723465 /* NewtownianCollectionViewDataSource.swift in Sources */,
				72E2D6A31C43A83E001D4F26 /* WeekCalendarLayout.swift in Sources */,
				72B7A0041C3BC22600723465 /* SpringyCollectionViewController.swift in Sources */,
				72E2D69B1C439299001D4F26 /* CalendarHeaderView.swift in Sources */,
				72B7A0061C3BC6D700723465 /* SpringyCollectionViewLayout.swift in Sources */,
				72B7A0001C3BBE5500723465 /* SpringyCollectionVeiwDataSource.swift in Sources */,
				72E2D6931C438F36001D4F26 /* CalendarViewController.swift in Sources */,
				72B7A0261C3CEE5D00723465 /* SimpleDynamicViewController.swift in Sources */,
				72E2D6991C439145001D4F26 /* CalendarEvent.swift in Sources */,
				72E2D6971C4390F5001D4F26 /* CalendarEventCell.swift in Sources */,
				72E2D6951C438F90001D4F26 /* CalendarDataSource.swift in Sources */,
				7264A5511C3B711700DC577B /* AppDelegate.swift in Sources */,
				72B7A02A1C3D35B500723465 /* NewtownianCollectionViewController.swift in Sources */,
				72B7A0281C3D270400723465 /* NewtownianCollectionViewLayout.swift in Sources */,
			);
			runOnlyForDeploymentPostprocessing = 0;
		};
/* End PBXSourcesBuildPhase section */

/* Begin PBXVariantGroup section */
		7264A5541C3B711700DC577B /* Main.storyboard */ = {
			isa = PBXVariantGroup;
			children = (
				7264A5551C3B711700DC577B /* Base */,
			);
			name = Main.storyboard;
			sourceTree = "<group>";
		};
		7264A5591C3B711700DC577B /* LaunchScreen.storyboard */ = {
			isa = PBXVariantGroup;
			children = (
				7264A55A1C3B711700DC577B /* Base */,
			);
			name = LaunchScreen.storyboard;
			sourceTree = "<group>";
		};
/* End PBXVariantGroup section */

/* Begin XCBuildConfiguration section */
		7264A55D1C3B711700DC577B /* Debug */ = {
			isa = XCBuildConfiguration;
			buildSettings = {
				ALWAYS_SEARCH_USER_PATHS = NO;
				CLANG_CXX_LANGUAGE_STANDARD = "gnu++0x";
				CLANG_CXX_LIBRARY = "libc++";
				CLANG_ENABLE_MODULES = YES;
				CLANG_ENABLE_OBJC_ARC = YES;
				CLANG_WARN_BOOL_CONVERSION = YES;
				CLANG_WARN_CONSTANT_CONVERSION = YES;
				CLANG_WARN_DIRECT_OBJC_ISA_USAGE = YES_ERROR;
				CLANG_WARN_EMPTY_BODY = YES;
				CLANG_WARN_ENUM_CONVERSION = YES;
				CLANG_WARN_INT_CONVERSION = YES;
				CLANG_WARN_OBJC_ROOT_CLASS = YES_ERROR;
				CLANG_WARN_UNREACHABLE_CODE = YES;
				CLANG_WARN__DUPLICATE_METHOD_MATCH = YES;
				"CODE_SIGN_IDENTITY[sdk=iphoneos*]" = "iPhone Developer";
				COPY_PHASE_STRIP = NO;
				DEBUG_INFORMATION_FORMAT = dwarf;
				ENABLE_STRICT_OBJC_MSGSEND = YES;
				ENABLE_TESTABILITY = YES;
				GCC_C_LANGUAGE_STANDARD = gnu99;
				GCC_DYNAMIC_NO_PIC = NO;
				GCC_NO_COMMON_BLOCKS = YES;
				GCC_OPTIMIZATION_LEVEL = 0;
				GCC_PREPROCESSOR_DEFINITIONS = (
					"DEBUG=1",
					"$(inherited)",
				);
				GCC_WARN_64_TO_32_BIT_CONVERSION = YES;
				GCC_WARN_ABOUT_RETURN_TYPE = YES_ERROR;
				GCC_WARN_UNDECLARED_SELECTOR = YES;
				GCC_WARN_UNINITIALIZED_AUTOS = YES_AGGRESSIVE;
				GCC_WARN_UNUSED_FUNCTION = YES;
				GCC_WARN_UNUSED_VARIABLE = YES;
				IPHONEOS_DEPLOYMENT_TARGET = 9.2;
				MTL_ENABLE_DEBUG_INFO = YES;
				ONLY_ACTIVE_ARCH = YES;
				SDKROOT = iphoneos;
				SWIFT_OPTIMIZATION_LEVEL = "-Onone";
			};
			name = Debug;
		};
		7264A55E1C3B711700DC577B /* Release */ = {
			isa = XCBuildConfiguration;
			buildSettings = {
				ALWAYS_SEARCH_USER_PATHS = NO;
				CLANG_CXX_LANGUAGE_STANDARD = "gnu++0x";
				CLANG_CXX_LIBRARY = "libc++";
				CLANG_ENABLE_MODULES = YES;
				CLANG_ENABLE_OBJC_ARC = YES;
				CLANG_WARN_BOOL_CONVERSION = YES;
				CLANG_WARN_CONSTANT_CONVERSION = YES;
				CLANG_WARN_DIRECT_OBJC_ISA_USAGE = YES_ERROR;
				CLANG_WARN_EMPTY_BODY = YES;
				CLANG_WARN_ENUM_CONVERSION = YES;
				CLANG_WARN_INT_CONVERSION = YES;
				CLANG_WARN_OBJC_ROOT_CLASS = YES_ERROR;
				CLANG_WARN_UNREACHABLE_CODE = YES;
				CLANG_WARN__DUPLICATE_METHOD_MATCH = YES;
				"CODE_SIGN_IDENTITY[sdk=iphoneos*]" = "iPhone Developer";
				COPY_PHASE_STRIP = NO;
				DEBUG_INFORMATION_FORMAT = "dwarf-with-dsym";
				ENABLE_NS_ASSERTIONS = NO;
				ENABLE_STRICT_OBJC_MSGSEND = YES;
				GCC_C_LANGUAGE_STANDARD = gnu99;
				GCC_NO_COMMON_BLOCKS = YES;
				GCC_WARN_64_TO_32_BIT_CONVERSION = YES;
				GCC_WARN_ABOUT_RETURN_TYPE = YES_ERROR;
				GCC_WARN_UNDECLARED_SELECTOR = YES;
				GCC_WARN_UNINITIALIZED_AUTOS = YES_AGGRESSIVE;
				GCC_WARN_UNUSED_FUNCTION = YES;
				GCC_WARN_UNUSED_VARIABLE = YES;
				IPHONEOS_DEPLOYMENT_TARGET = 9.2;
				MTL_ENABLE_DEBUG_INFO = NO;
				SDKROOT = iphoneos;
				VALIDATE_PRODUCT = YES;
			};
			name = Release;
		};
		7264A5601C3B711700DC577B /* Debug */ = {
			isa = XCBuildConfiguration;
			buildSettings = {
				ASSETCATALOG_COMPILER_APPICON_NAME = AppIcon;
				INFOPLIST_FILE = DemoDynamicCollectionView/Info.plist;
				LD_RUNPATH_SEARCH_PATHS = "$(inherited) @executable_path/Frameworks";
				PRODUCT_BUNDLE_IDENTIFIER = com.morgenworks.DemoDynamicCollectionView;
				PRODUCT_NAME = "$(TARGET_NAME)";
			};
			name = Debug;
		};
		7264A5611C3B711700DC577B /* Release */ = {
			isa = XCBuildConfiguration;
			buildSettings = {
				ASSETCATALOG_COMPILER_APPICON_NAME = AppIcon;
				INFOPLIST_FILE = DemoDynamicCollectionView/Info.plist;
				LD_RUNPATH_SEARCH_PATHS = "$(inherited) @executable_path/Frameworks";
				PRODUCT_BUNDLE_IDENTIFIER = com.morgenworks.DemoDynamicCollectionView;
				PRODUCT_NAME = "$(TARGET_NAME)";
			};
			name = Release;
		};
/* End XCBuildConfiguration section */

/* Begin XCConfigurationList section */
		7264A5481C3B711700DC577B /* Build configuration list for PBXProject "DemoDynamicCollectionView" */ = {
			isa = XCConfigurationList;
			buildConfigurations = (
				7264A55D1C3B711700DC577B /* Debug */,
				7264A55E1C3B711700DC577B /* Release */,
			);
			defaultConfigurationIsVisible = 0;
			defaultConfigurationName = Release;
		};
		7264A55F1C3B711700DC577B /* Build configuration list for PBXNativeTarget "DemoDynamicCollectionView" */ = {
			isa = XCConfigurationList;
			buildConfigurations = (
				7264A5601C3B711700DC577B /* Debug */,
				7264A5611C3B711700DC577B /* Release */,
			);
			defaultConfigurationIsVisible = 0;
			defaultConfigurationName = Release;
		};
/* End XCConfigurationList section */
	};
	rootObject = 7264A5451C3B711700DC577B /* Project object */;
}
